# @generated by Move, please check-in and do not edit manually.

[move]
version = 2
manifest_digest = "2EFACF83B27E9E0292117574C85931F93F9FA038E134278B3727E61D4CB82D4A"
deps_digest = "F8BBB0CCB2491CA29A3DF03D6F92277A4F3574266507ACD77214D37ECA3F3082"
dependencies = [
  { name = "Sui" },
]

[[move.package]]
name = "MoveStdlib"
source = { git = "https://github.com/MystenLabs/sui.git", rev = "framework/devnet", subdir = "crates/sui-framework/packages/move-stdlib" }

[[move.package]]
name = "Sui"
source = { git = "https://github.com/MystenLabs/sui.git", rev = "framework/devnet", subdir = "crates/sui-framework/packages/sui-framework" }

dependencies = [
  { name = "MoveStdlib" },
]

[move.toolchain-version]
compiler-version = "1.24.1"
edition = "legacy"
flavor = "sui"

[env]

[env.testnet]
chain-id = "4c78adac"
original-published-id = "0x06b1ee4b7ac754ab3a1768c626b115a2085a527ae5f616cd0bff2c7a28d37a67"
latest-published-id = "0x06b1ee4b7ac754ab3a1768c626b115a2085a527ae5f616cd0bff2c7a28d37a67"
published-version = "1"
