# @generated by Move, please check-in and do not edit manually.

[move]
version = 2
manifest_digest = "AF8D729ED03FEDEBCCB232A45851F8B5581C0D3FAE821EFC00D48385C143C045"
deps_digest = "F8BBB0CCB2491CA29A3DF03D6F92277A4F3574266507ACD77214D37ECA3F3082"
dependencies = [
  { name = "Sui" },
]

[[move.package]]
name = "MoveStdlib"
source = { git = "https://github.com/MystenLabs/sui.git", rev = "framework/testnet", subdir = "crates/sui-framework/packages/move-stdlib" }

[[move.package]]
name = "Sui"
source = { git = "https://github.com/MystenLabs/sui.git", rev = "framework/testnet", subdir = "crates/sui-framework/packages/sui-framework" }

dependencies = [
  { name = "MoveStdlib" },
]

[move.toolchain-version]
compiler-version = "1.24.1"
edition = "legacy"
flavor = "sui"

[env]

[env.testnet]
chain-id = "4c78adac"
original-published-id = "0xd1ba898bf9a738bf8029819b7ef9c2f12fb1e9d451096491cc2ab4c6537df5b2"
latest-published-id = "0xd1ba898bf9a738bf8029819b7ef9c2f12fb1e9d451096491cc2ab4c6537df5b2"
published-version = "1"
